<?xml version="1.0" encoding="UTF-8"?>
<Scheme
   LastUpgradeVersion = "0730"
   version = "2.0">
   <BuildAction
      parallelizeBuildables = "YES"
      buildImplicitDependencies = "YES">
      <BuildActionEntries>
         <BuildActionEntry
            buildForTesting = "YES"
            buildForRunning = "YES"
            buildForProfiling = "YES"
            buildForArchiving = "YES"
            buildForAnalyzing = "YES">
            <BuildableReference
               BuildableIdentifier = "primary"
               BlueprintIdentifier = "27B0B80A1492C16300A817AD"
               BuildableName = "CBL Test.app"
               BlueprintName = "CBL iOS Test App"
               ReferencedContainer = "container:CouchbaseLite.xcodeproj">
            </BuildableReference>
         </BuildActionEntry>
         <BuildActionEntry
            buildForTesting = "YES"
            buildForRunning = "YES"
            buildForProfiling = "NO"
            buildForArchiving = "NO"
            buildForAnalyzing = "NO">
            <BuildableReference
               BuildableIdentifier = "primary"
               BlueprintIdentifier = "2700358A1A44E9270015B9F4"
               BuildableName = "CBL iOS Unit Tests.xctest"
               BlueprintName = "CBL iOS Unit Tests"
               ReferencedContainer = "container:CouchbaseLite.xcodeproj">
            </BuildableReference>
         </BuildActionEntry>
      </BuildActionEntries>
   </BuildAction>
   <TestAction
      buildConfiguration = "Debug"
      selectedDebuggerIdentifier = "Xcode.DebuggerFoundation.Debugger.LLDB"
      selectedLauncherIdentifier = "Xcode.DebuggerFoundation.Launcher.LLDB"
      shouldUseLaunchSchemeArgsEnv = "NO">
      <Testables>
         <TestableReference
            skipped = "NO">
            <BuildableReference
               BuildableIdentifier = "primary"
               BlueprintIdentifier = "2700358A1A44E9270015B9F4"
               BuildableName = "CBL iOS Unit Tests.xctest"
               BlueprintName = "CBL iOS Unit Tests"
               ReferencedContainer = "container:CouchbaseLite.xcodeproj">
            </BuildableReference>
         </TestableReference>
      </Testables>
      <MacroExpansion>
         <BuildableReference
            BuildableIdentifier = "primary"
            BlueprintIdentifier = "27B0B80A1492C16300A817AD"
            BuildableName = "CBL Test.app"
            BlueprintName = "CBL iOS Test App"
            ReferencedContainer = "container:CouchbaseLite.xcodeproj">
         </BuildableReference>
      </MacroExpansion>
      <CommandLineArguments>
         <CommandLineArgument
            argument = "-Log YES"
            isEnabled = "YES">
         </CommandLineArgument>
         <CommandLineArgument
            argument = "-CBLStorageType ForestDB"
            isEnabled = "NO">
         </CommandLineArgument>
      </CommandLineArguments>
      <EnvironmentVariables>
         <EnvironmentVariable
            key = "CBL_TEST_SERVER"
            value = "http://localhost:4984/"
            isEnabled = "YES">
         </EnvironmentVariable>
         <EnvironmentVariable
            key = "CBL_SSL_TEST_SERVER"
            value = "https://localhost:4994/"
            isEnabled = "YES">
         </EnvironmentVariable>
      </EnvironmentVariables>
      <AdditionalOptions>
      </AdditionalOptions>
   </TestAction>
   <LaunchAction
      buildConfiguration = "Debug"
      selectedDebuggerIdentifier = "Xcode.DebuggerFoundation.Debugger.LLDB"
      selectedLauncherIdentifier = "Xcode.DebuggerFoundation.Launcher.LLDB"
      launchStyle = "0"
      useCustomWorkingDirectory = "NO"
      ignoresPersistentStateOnLaunch = "NO"
      debugDocumentVersioning = "YES"
      debugXPCServices = "NO"
      debugServiceExtension = "internal"
      allowLocationSimulation = "YES">
      <BuildableProductRunnable
         runnableDebuggingMode = "0">
         <BuildableReference
            BuildableIdentifier = "primary"
            BlueprintIdentifier = "27B0B80A1492C16300A817AD"
            BuildableName = "CBL Test.app"
            BlueprintName = "CBL iOS Test App"
            ReferencedContainer = "container:CouchbaseLite.xcodeproj">
         </BuildableReference>
      </BuildableProductRunnable>
      <CommandLineArguments>
         <CommandLineArgument
            argument = "-Log YES"
            isEnabled = "YES">
         </CommandLineArgument>
         <CommandLineArgument
            argument = "-LogCBLDatabase YES"
            isEnabled = "NO">
         </CommandLineArgument>
         <CommandLineArgument
            argument = "-LogCBLModel YES"
            isEnabled = "NO">
         </CommandLineArgument>
         <CommandLineArgument
            argument = "-LogQuery YES"
            isEnabled = "NO">
         </CommandLineArgument>
         <CommandLineArgument
            argument = "-LogView YES"
            isEnabled = "NO">
         </CommandLineArgument>
         <CommandLineArgument
            argument = "-LogChangeTracker YES"
            isEnabled = "NO">
         </CommandLineArgument>
         <CommandLineArgument
            argument = "-LogRemoteRequest YES"
            isEnabled = "NO">
         </CommandLineArgument>
         <CommandLineArgument
            argument = "-LogSync YES"
            isEnabled = "NO">
         </CommandLineArgument>
         <CommandLineArgument
            argument = "-LogSyncVerbose YES"
            isEnabled = "NO">
         </CommandLineArgument>
      </CommandLineArguments>
      <AdditionalOptions>
      </AdditionalOptions>
   </LaunchAction>
   <ProfileAction
      buildConfiguration = "Release"
      shouldUseLaunchSchemeArgsEnv = "YES"
      savedToolIdentifier = ""
      useCustomWorkingDirectory = "NO"
      debugDocumentVersioning = "YES">
      <BuildableProductRunnable
         runnableDebuggingMode = "0">
         <BuildableReference
            BuildableIdentifier = "primary"
            BlueprintIdentifier = "27B0B80A1492C16300A817AD"
            BuildableName = "CBL Test.app"
            BlueprintName = "CBL iOS Test App"
            ReferencedContainer = "container:CouchbaseLite.xcodeproj">
         </BuildableReference>
      </BuildableProductRunnable>
   </ProfileAction>
   <AnalyzeAction
      buildConfiguration = "Debug">
   </AnalyzeAction>
   <ArchiveAction
      buildConfiguration = "Release"
      revealArchiveInOrganizer = "YES">
   </ArchiveAction>
</Scheme>
