<?xml version="1.0" encoding="UTF-8"?>
<Scheme
   LastUpgradeVersion = "0600"
   version = "2.0">
   <BuildAction
      parallelizeBuildables = "YES"
      buildImplicitDependencies = "YES">
      <BuildActionEntries>
         <BuildActionEntry
            buildForTesting = "YES"
            buildForRunning = "YES"
            buildForProfiling = "YES"
            buildForArchiving = "YES"
            buildForAnalyzing = "YES">
            <BuildableReference
               BuildableIdentifier = "primary"
               BlueprintIdentifier = "270B3DE91489359000E0A926"
               BuildableName = "CouchbaseLite.framework"
               BlueprintName = "CBL Mac"
               ReferencedContainer = "container:CouchbaseLite.xcodeproj">
            </BuildableReference>
         </BuildActionEntry>
         <BuildActionEntry
            buildForTesting = "YES"
            buildForRunning = "YES"
            buildForProfiling = "NO"
            buildForArchiving = "NO"
            buildForAnalyzing = "NO">
            <BuildableReference
               BuildableIdentifier = "primary"
               BlueprintIdentifier = "272AA83E1A48D835004B8D55"
               BuildableName = "CBL Mac Unit Tests.xctest"
               BlueprintName = "CBL Mac Unit Tests"
               ReferencedContainer = "container:CouchbaseLite.xcodeproj">
            </BuildableReference>
         </BuildActionEntry>
      </BuildActionEntries>
   </BuildAction>
   <TestAction
      selectedDebuggerIdentifier = "Xcode.DebuggerFoundation.Debugger.LLDB"
      selectedLauncherIdentifier = "Xcode.DebuggerFoundation.Launcher.LLDB"
      shouldUseLaunchSchemeArgsEnv = "NO"
      buildConfiguration = "Debug">
      <Testables>
         <TestableReference
            skipped = "NO">
            <BuildableReference
               BuildableIdentifier = "primary"
               BlueprintIdentifier = "27139B2F18F8E9750021A9A3"
               BuildableName = "CBForest Tests.xctest"
               BlueprintName = "CBForest Tests"
               ReferencedContainer = "container:vendor/CBForest/CBForest.xcodeproj">
            </BuildableReference>
         </TestableReference>
         <TestableReference
            skipped = "NO">
            <BuildableReference
               BuildableIdentifier = "primary"
               BlueprintIdentifier = "272AA83E1A48D835004B8D55"
               BuildableName = "CBL Mac Unit Tests.xctest"
               BlueprintName = "CBL Mac Unit Tests"
               ReferencedContainer = "container:CouchbaseLite.xcodeproj">
            </BuildableReference>
         </TestableReference>
      </Testables>
      <MacroExpansion>
         <BuildableReference
            BuildableIdentifier = "primary"
            BlueprintIdentifier = "270B3DE91489359000E0A926"
            BuildableName = "CouchbaseLite.framework"
            BlueprintName = "CBL Mac"
            ReferencedContainer = "container:CouchbaseLite.xcodeproj">
         </BuildableReference>
      </MacroExpansion>
      <CommandLineArguments>
         <CommandLineArgument
            argument = "-Log YES"
            isEnabled = "YES">
         </CommandLineArgument>
      </CommandLineArguments>
      <EnvironmentVariables>
         <EnvironmentVariable
            key = "MallocScribble"
            value = ""
            isEnabled = "YES">
         </EnvironmentVariable>
      </EnvironmentVariables>
   </TestAction>
   <LaunchAction
      selectedDebuggerIdentifier = ""
      selectedLauncherIdentifier = "Xcode.IDEFoundation.Launcher.PosixSpawn"
      launchStyle = "0"
      useCustomWorkingDirectory = "NO"
      buildConfiguration = "Debug"
      ignoresPersistentStateOnLaunch = "NO"
      debugDocumentVersioning = "YES"
      debugXPCServices = "NO"
      allowLocationSimulation = "YES">
      <MacroExpansion>
         <BuildableReference
            BuildableIdentifier = "primary"
            BlueprintIdentifier = "270B3DE91489359000E0A926"
            BuildableName = "CouchbaseLite.framework"
            BlueprintName = "CBL Mac"
            ReferencedContainer = "container:CouchbaseLite.xcodeproj">
         </BuildableReference>
      </MacroExpansion>
      <CommandLineArguments>
         <CommandLineArgument
            argument = "-Log YES"
            isEnabled = "YES">
         </CommandLineArgument>
         <CommandLineArgument
            argument = "-CBLStorageType ForestDB"
            isEnabled = "NO">
         </CommandLineArgument>
         <CommandLineArgument
            argument = "-LogCBLDatabaseVerbose YES"
            isEnabled = "NO">
         </CommandLineArgument>
         <CommandLineArgument
            argument = "-LogViewVerbose YES"
            isEnabled = "NO">
         </CommandLineArgument>
         <CommandLineArgument
            argument = "-LogQueryVerbose YES"
            isEnabled = "NO">
         </CommandLineArgument>
      </CommandLineArguments>
      <AdditionalOptions>
         <AdditionalOption
            key = "DYLD_INSERT_LIBRARIES"
            value = "/usr/lib/libgmalloc.dylib"
            isEnabled = "YES">
         </AdditionalOption>
         <AdditionalOption
            key = "MallocGuardEdges"
            value = ""
            isEnabled = "YES">
         </AdditionalOption>
         <AdditionalOption
            key = "MallocScribble"
            value = ""
            isEnabled = "YES">
         </AdditionalOption>
      </AdditionalOptions>
   </LaunchAction>
   <ProfileAction
      shouldUseLaunchSchemeArgsEnv = "YES"
      savedToolIdentifier = ""
      useCustomWorkingDirectory = "NO"
      buildConfiguration = "Release"
      debugDocumentVersioning = "YES">
      <MacroExpansion>
         <BuildableReference
            BuildableIdentifier = "primary"
            BlueprintIdentifier = "270B3DE91489359000E0A926"
            BuildableName = "CouchbaseLite.framework"
            BlueprintName = "CBL Mac"
            ReferencedContainer = "container:CouchbaseLite.xcodeproj">
         </BuildableReference>
      </MacroExpansion>
   </ProfileAction>
   <AnalyzeAction
      buildConfiguration = "Debug">
   </AnalyzeAction>
   <ArchiveAction
      buildConfiguration = "Release"
      revealArchiveInOrganizer = "YES">
   </ArchiveAction>
</Scheme>
