// !$*UTF8*$!
{
	archiveVersion = 1;
	classes = {
	};
	objectVersion = 46;
	objects = {

/* Begin PBXBuildFile section */
		BE0AD4381F2A36CE008B4EE5 /* ExampleConflictResolver.m in Sources */ = {isa = PBXBuildFile; fileRef = BE0AD4371F2A36CE008B4EE5 /* ExampleConflictResolver.m */; };
		BE6DFE991F02DDBC005F47B2 /* main.m in Sources */ = {isa = PBXBuildFile; fileRef = BE6DFE981F02DDBC005F47B2 /* main.m */; };
		BE6DFE9C1F02DDBC005F47B2 /* AppDelegate.m in Sources */ = {isa = PBXBuildFile; fileRef = BE6DFE9B1F02DDBC005F47B2 /* AppDelegate.m */; };
		BE6DFE9F1F02DDBC005F47B2 /* ViewController.m in Sources */ = {isa = PBXBuildFile; fileRef = BE6DFE9E1F02DDBC005F47B2 /* ViewController.m */; };
		BE6DFEA21F02DDBC005F47B2 /* Main.storyboard in Resources */ = {isa = PBXBuildFile; fileRef = BE6DFEA01F02DDBC005F47B2 /* Main.storyboard */; };
		BE6DFEA41F02DDBC005F47B2 /* Assets.xcassets in Resources */ = {isa = PBXBuildFile; fileRef = BE6DFEA31F02DDBC005F47B2 /* Assets.xcassets */; };
		BE6DFEA71F02DDBC005F47B2 /* LaunchScreen.storyboard in Resources */ = {isa = PBXBuildFile; fileRef = BE6DFEA51F02DDBC005F47B2 /* LaunchScreen.storyboard */; };
		BE6DFEB01F02EF71005F47B2 /* CouchbaseLite.framework in Frameworks */ = {isa = PBXBuildFile; fileRef = BE6DFEAF1F02EF71005F47B2 /* CouchbaseLite.framework */; };
		BEAC33F71F13C6B6007E0800 /* CouchbaseLite.framework in Frameworks */ = {isa = PBXBuildFile; fileRef = BE6DFEAF1F02EF71005F47B2 /* CouchbaseLite.framework */; };
		BEAC33F81F13C6B6007E0800 /* CouchbaseLite.framework in Embed Frameworks */ = {isa = PBXBuildFile; fileRef = BE6DFEAF1F02EF71005F47B2 /* CouchbaseLite.framework */; settings = {ATTRIBUTES = (CodeSignOnCopy, RemoveHeadersOnCopy, ); }; };
/* End PBXBuildFile section */

/* Begin PBXCopyFilesBuildPhase section */
		BEAC33F91F13C6B6007E0800 /* Embed Frameworks */ = {
			isa = PBXCopyFilesBuildPhase;
			buildActionMask = 2147483647;
			dstPath = "";
			dstSubfolderSpec = 10;
			files = (
				BEAC33F81F13C6B6007E0800 /* CouchbaseLite.framework in Embed Frameworks */,
			);
			name = "Embed Frameworks";
			runOnlyForDeploymentPostprocessing = 0;
		};
/* End PBXCopyFilesBuildPhase section */

/* Begin PBXFileReference section */
		BE0AD4361F2A36CE008B4EE5 /* ExampleConflictResolver.h */ = {isa = PBXFileReference; fileEncoding = 4; lastKnownFileType = sourcecode.c.h; path = ExampleConflictResolver.h; sourceTree = "<group>"; };
		BE0AD4371F2A36CE008B4EE5 /* ExampleConflictResolver.m */ = {isa = PBXFileReference; fileEncoding = 4; lastKnownFileType = sourcecode.c.objc; path = ExampleConflictResolver.m; sourceTree = "<group>"; };
		BE6DFE941F02DDBC005F47B2 /* objc-api-walkthrough.app */ = {isa = PBXFileReference; explicitFileType = wrapper.application; includeInIndex = 0; path = "objc-api-walkthrough.app"; sourceTree = BUILT_PRODUCTS_DIR; };
		BE6DFE981F02DDBC005F47B2 /* main.m */ = {isa = PBXFileReference; lastKnownFileType = sourcecode.c.objc; path = main.m; sourceTree = "<group>"; };
		BE6DFE9A1F02DDBC005F47B2 /* AppDelegate.h */ = {isa = PBXFileReference; lastKnownFileType = sourcecode.c.h; path = AppDelegate.h; sourceTree = "<group>"; };
		BE6DFE9B1F02DDBC005F47B2 /* AppDelegate.m */ = {isa = PBXFileReference; lastKnownFileType = sourcecode.c.objc; path = AppDelegate.m; sourceTree = "<group>"; };
		BE6DFE9D1F02DDBC005F47B2 /* ViewController.h */ = {isa = PBXFileReference; lastKnownFileType = sourcecode.c.h; path = ViewController.h; sourceTree = "<group>"; };
		BE6DFE9E1F02DDBC005F47B2 /* ViewController.m */ = {isa = PBXFileReference; lastKnownFileType = sourcecode.c.objc; path = ViewController.m; sourceTree = "<group>"; };
		BE6DFEA11F02DDBC005F47B2 /* Base */ = {isa = PBXFileReference; lastKnownFileType = file.storyboard; name = Base; path = Base.lproj/Main.storyboard; sourceTree = "<group>"; };
		BE6DFEA31F02DDBC005F47B2 /* Assets.xcassets */ = {isa = PBXFileReference; lastKnownFileType = folder.assetcatalog; path = Assets.xcassets; sourceTree = "<group>"; };
		BE6DFEA61F02DDBC005F47B2 /* Base */ = {isa = PBXFileReference; lastKnownFileType = file.storyboard; name = Base; path = Base.lproj/LaunchScreen.storyboard; sourceTree = "<group>"; };
		BE6DFEA81F02DDBC005F47B2 /* Info.plist */ = {isa = PBXFileReference; lastKnownFileType = text.plist.xml; path = Info.plist; sourceTree = "<group>"; };
		BE6DFEAF1F02EF71005F47B2 /* CouchbaseLite.framework */ = {isa = PBXFileReference; lastKnownFileType = wrapper.framework; name = CouchbaseLite.framework; path = Carthage/Build/iOS/CouchbaseLite.framework; sourceTree = "<group>"; };
/* End PBXFileReference section */

/* Begin PBXFrameworksBuildPhase section */
		BE6DFE911F02DDBC005F47B2 /* Frameworks */ = {
			isa = PBXFrameworksBuildPhase;
			buildActionMask = 2147483647;
			files = (
				BEAC33F71F13C6B6007E0800 /* CouchbaseLite.framework in Frameworks */,
				BE6DFEB01F02EF71005F47B2 /* CouchbaseLite.framework in Frameworks */,
			);
			runOnlyForDeploymentPostprocessing = 0;
		};
/* End PBXFrameworksBuildPhase section */

/* Begin PBXGroup section */
		BE6DFE8B1F02DDBC005F47B2 = {
			isa = PBXGroup;
			children = (
				BE6DFE961F02DDBC005F47B2 /* objc-api-walkthrough */,
				BE6DFE951F02DDBC005F47B2 /* Products */,
				BE6DFEAE1F02EECA005F47B2 /* Frameworks */,
			);
			sourceTree = "<group>";
		};
		BE6DFE951F02DDBC005F47B2 /* Products */ = {
			isa = PBXGroup;
			children = (
				BE6DFE941F02DDBC005F47B2 /* objc-api-walkthrough.app */,
			);
			name = Products;
			sourceTree = "<group>";
		};
		BE6DFE961F02DDBC005F47B2 /* objc-api-walkthrough */ = {
			isa = PBXGroup;
			children = (
				BE6DFE9A1F02DDBC005F47B2 /* AppDelegate.h */,
				BE6DFE9B1F02DDBC005F47B2 /* AppDelegate.m */,
				BE6DFE9D1F02DDBC005F47B2 /* ViewController.h */,
				BE6DFE9E1F02DDBC005F47B2 /* ViewController.m */,
				BE0AD4361F2A36CE008B4EE5 /* ExampleConflictResolver.h */,
				BE0AD4371F2A36CE008B4EE5 /* ExampleConflictResolver.m */,
				BE6DFEA01F02DDBC005F47B2 /* Main.storyboard */,
				BE6DFEA31F02DDBC005F47B2 /* Assets.xcassets */,
				BE6DFEA51F02DDBC005F47B2 /* LaunchScreen.storyboard */,
				BE6DFEA81F02DDBC005F47B2 /* Info.plist */,
				BE6DFE971F02DDBC005F47B2 /* Supporting Files */,
			);
			path = "objc-api-walkthrough";
			sourceTree = "<group>";
		};
		BE6DFE971F02DDBC005F47B2 /* Supporting Files */ = {
			isa = PBXGroup;
			children = (
				BE6DFE981F02DDBC005F47B2 /* main.m */,
			);
			name = "Supporting Files";
			sourceTree = "<group>";
		};
		BE6DFEAE1F02EECA005F47B2 /* Frameworks */ = {
			isa = PBXGroup;
			children = (
				BE6DFEAF1F02EF71005F47B2 /* CouchbaseLite.framework */,
			);
			name = Frameworks;
			sourceTree = "<group>";
		};
/* End PBXGroup section */

/* Begin PBXNativeTarget section */
		BE6DFE931F02DDBC005F47B2 /* objc-api-walkthrough */ = {
			isa = PBXNativeTarget;
			buildConfigurationList = BE6DFEAB1F02DDBC005F47B2 /* Build configuration list for PBXNativeTarget "objc-api-walkthrough" */;
			buildPhases = (
				BE6DFE901F02DDBC005F47B2 /* Sources */,
				BE6DFE911F02DDBC005F47B2 /* Frameworks */,
				BE6DFE921F02DDBC005F47B2 /* Resources */,
				BEAC33F91F13C6B6007E0800 /* Embed Frameworks */,
			);
			buildRules = (
			);
			dependencies = (
			);
			name = "objc-api-walkthrough";
			productName = "objc-api-walkthrough";
			productReference = BE6DFE941F02DDBC005F47B2 /* objc-api-walkthrough.app */;
			productType = "com.apple.product-type.application";
		};
/* End PBXNativeTarget section */

/* Begin PBXProject section */
		BE6DFE8C1F02DDBC005F47B2 /* Project object */ = {
			isa = PBXProject;
			attributes = {
				LastUpgradeCheck = 0830;
				ORGANIZATIONNAME = couchbase;
				TargetAttributes = {
					BE6DFE931F02DDBC005F47B2 = {
						CreatedOnToolsVersion = 8.3.3;
						DevelopmentTeam = N2Q372V7W2;
						ProvisioningStyle = Automatic;
					};
				};
			};
			buildConfigurationList = BE6DFE8F1F02DDBC005F47B2 /* Build configuration list for PBXProject "objc-api-walkthrough" */;
			compatibilityVersion = "Xcode 3.2";
			developmentRegion = English;
			hasScannedForEncodings = 0;
			knownRegions = (
				en,
				Base,
			);
			mainGroup = BE6DFE8B1F02DDBC005F47B2;
			productRefGroup = BE6DFE951F02DDBC005F47B2 /* Products */;
			projectDirPath = "";
			projectRoot = "";
			targets = (
				BE6DFE931F02DDBC005F47B2 /* objc-api-walkthrough */,
			);
		};
/* End PBXProject section */

/* Begin PBXResourcesBuildPhase section */
		BE6DFE921F02DDBC005F47B2 /* Resources */ = {
			isa = PBXResourcesBuildPhase;
			buildActionMask = 2147483647;
			files = (
				BE6DFEA71F02DDBC005F47B2 /* LaunchScreen.storyboard in Resources */,
				BE6DFEA41F02DDBC005F47B2 /* Assets.xcassets in Resources */,
				BE6DFEA21F02DDBC005F47B2 /* Main.storyboard in Resources */,
			);
			runOnlyForDeploymentPostprocessing = 0;
		};
/* End PBXResourcesBuildPhase section */

/* Begin PBXSourcesBuildPhase section */
		BE6DFE901F02DDBC005F47B2 /* Sources */ = {
			isa = PBXSourcesBuildPhase;
			buildActionMask = 2147483647;
			files = (
				BE0AD4381F2A36CE008B4EE5 /* ExampleConflictResolver.m in Sources */,
				BE6DFE9F1F02DDBC005F47B2 /* ViewController.m in Sources */,
				BE6DFE9C1F02DDBC005F47B2 /* AppDelegate.m in Sources */,
				BE6DFE991F02DDBC005F47B2 /* main.m in Sources */,
			);
			runOnlyForDeploymentPostprocessing = 0;
		};
/* End PBXSourcesBuildPhase section */

/* Begin PBXVariantGroup section */
		BE6DFEA01F02DDBC005F47B2 /* Main.storyboard */ = {
			isa = PBXVariantGroup;
			children = (
				BE6DFEA11F02DDBC005F47B2 /* Base */,
			);
			name = Main.storyboard;
			sourceTree = "<group>";
		};
		BE6DFEA51F02DDBC005F47B2 /* LaunchScreen.storyboard */ = {
			isa = PBXVariantGroup;
			children = (
				BE6DFEA61F02DDBC005F47B2 /* Base */,
			);
			name = LaunchScreen.storyboard;
			sourceTree = "<group>";
		};
/* End PBXVariantGroup section */

/* Begin XCBuildConfiguration section */
		BE6DFEA91F02DDBC005F47B2 /* Debug */ = {
			isa = XCBuildConfiguration;
			buildSettings = {
				ALWAYS_SEARCH_USER_PATHS = NO;
				CLANG_ANALYZER_NONNULL = YES;
				CLANG_ANALYZER_NUMBER_OBJECT_CONVERSION = YES_AGGRESSIVE;
				CLANG_CXX_LANGUAGE_STANDARD = "gnu++0x";
				CLANG_CXX_LIBRARY = "libc++";
				CLANG_ENABLE_MODULES = YES;
				CLANG_ENABLE_OBJC_ARC = YES;
				CLANG_WARN_BOOL_CONVERSION = YES;
				CLANG_WARN_CONSTANT_CONVERSION = YES;
				CLANG_WARN_DIRECT_OBJC_ISA_USAGE = YES_ERROR;
				CLANG_WARN_DOCUMENTATION_COMMENTS = YES;
				CLANG_WARN_EMPTY_BODY = YES;
				CLANG_WARN_ENUM_CONVERSION = YES;
				CLANG_WARN_INFINITE_RECURSION = YES;
				CLANG_WARN_INT_CONVERSION = YES;
				CLANG_WARN_OBJC_ROOT_CLASS = YES_ERROR;
				CLANG_WARN_SUSPICIOUS_MOVE = YES;
				CLANG_WARN_UNREACHABLE_CODE = YES;
				CLANG_WARN__DUPLICATE_METHOD_MATCH = YES;
				"CODE_SIGN_IDENTITY[sdk=iphoneos*]" = "iPhone Developer";
				COPY_PHASE_STRIP = NO;
				DEBUG_INFORMATION_FORMAT = dwarf;
				ENABLE_STRICT_OBJC_MSGSEND = YES;
				ENABLE_TESTABILITY = YES;
				GCC_C_LANGUAGE_STANDARD = gnu99;
				GCC_DYNAMIC_NO_PIC = NO;
				GCC_NO_COMMON_BLOCKS = YES;
				GCC_OPTIMIZATION_LEVEL = 0;
				GCC_PREPROCESSOR_DEFINITIONS = (
					"DEBUG=1",
					"$(inherited)",
				);
				GCC_WARN_64_TO_32_BIT_CONVERSION = YES;
				GCC_WARN_ABOUT_RETURN_TYPE = YES_ERROR;
				GCC_WARN_UNDECLARED_SELECTOR = YES;
				GCC_WARN_UNINITIALIZED_AUTOS = YES_AGGRESSIVE;
				GCC_WARN_UNUSED_FUNCTION = YES;
				GCC_WARN_UNUSED_VARIABLE = YES;
				IPHONEOS_DEPLOYMENT_TARGET = 10.3;
				MTL_ENABLE_DEBUG_INFO = YES;
				ONLY_ACTIVE_ARCH = YES;
				SDKROOT = iphoneos;
			};
			name = Debug;
		};
		BE6DFEAA1F02DDBC005F47B2 /* Release */ = {
			isa = XCBuildConfiguration;
			buildSettings = {
				ALWAYS_SEARCH_USER_PATHS = NO;
				CLANG_ANALYZER_NONNULL = YES;
				CLANG_ANALYZER_NUMBER_OBJECT_CONVERSION = YES_AGGRESSIVE;
				CLANG_CXX_LANGUAGE_STANDARD = "gnu++0x";
				CLANG_CXX_LIBRARY = "libc++";
				CLANG_ENABLE_MODULES = YES;
				CLANG_ENABLE_OBJC_ARC = YES;
				CLANG_WARN_BOOL_CONVERSION = YES;
				CLANG_WARN_CONSTANT_CONVERSION = YES;
				CLANG_WARN_DIRECT_OBJC_ISA_USAGE = YES_ERROR;
				CLANG_WARN_DOCUMENTATION_COMMENTS = YES;
				CLANG_WARN_EMPTY_BODY = YES;
				CLANG_WARN_ENUM_CONVERSION = YES;
				CLANG_WARN_INFINITE_RECURSION = YES;
				CLANG_WARN_INT_CONVERSION = YES;
				CLANG_WARN_OBJC_ROOT_CLASS = YES_ERROR;
				CLANG_WARN_SUSPICIOUS_MOVE = YES;
				CLANG_WARN_UNREACHABLE_CODE = YES;
				CLANG_WARN__DUPLICATE_METHOD_MATCH = YES;
				"CODE_SIGN_IDENTITY[sdk=iphoneos*]" = "iPhone Developer";
				COPY_PHASE_STRIP = NO;
				DEBUG_INFORMATION_FORMAT = "dwarf-with-dsym";
				ENABLE_NS_ASSERTIONS = NO;
				ENABLE_STRICT_OBJC_MSGSEND = YES;
				GCC_C_LANGUAGE_STANDARD = gnu99;
				GCC_NO_COMMON_BLOCKS = YES;
				GCC_WARN_64_TO_32_BIT_CONVERSION = YES;
				GCC_WARN_ABOUT_RETURN_TYPE = YES_ERROR;
				GCC_WARN_UNDECLARED_SELECTOR = YES;
				GCC_WARN_UNINITIALIZED_AUTOS = YES_AGGRESSIVE;
				GCC_WARN_UNUSED_FUNCTION = YES;
				GCC_WARN_UNUSED_VARIABLE = YES;
				IPHONEOS_DEPLOYMENT_TARGET = 10.3;
				MTL_ENABLE_DEBUG_INFO = NO;
				SDKROOT = iphoneos;
				VALIDATE_PRODUCT = YES;
			};
			name = Release;
		};
		BE6DFEAC1F02DDBC005F47B2 /* Debug */ = {
			isa = XCBuildConfiguration;
			buildSettings = {
				ASSETCATALOG_COMPILER_APPICON_NAME = AppIcon;
				DEVELOPMENT_TEAM = N2Q372V7W2;
				FRAMEWORK_SEARCH_PATHS = (
					"$(inherited)",
					"$(PROJECT_DIR)/Carthage/Build/iOS",
				);
				INFOPLIST_FILE = "objc-api-walkthrough/Info.plist";
				LD_RUNPATH_SEARCH_PATHS = "$(inherited) @executable_path/Frameworks";
				PRODUCT_BUNDLE_IDENTIFIER = "com.couchbase.objc-api-walkthrough";
				PRODUCT_NAME = "$(TARGET_NAME)";
			};
			name = Debug;
		};
		BE6DFEAD1F02DDBC005F47B2 /* Release */ = {
			isa = XCBuildConfiguration;
			buildSettings = {
				ASSETCATALOG_COMPILER_APPICON_NAME = AppIcon;
				DEVELOPMENT_TEAM = N2Q372V7W2;
				FRAMEWORK_SEARCH_PATHS = (
					"$(inherited)",
					"$(PROJECT_DIR)/Carthage/Build/iOS",
				);
				INFOPLIST_FILE = "objc-api-walkthrough/Info.plist";
				LD_RUNPATH_SEARCH_PATHS = "$(inherited) @executable_path/Frameworks";
				PRODUCT_BUNDLE_IDENTIFIER = "com.couchbase.objc-api-walkthrough";
				PRODUCT_NAME = "$(TARGET_NAME)";
			};
			name = Release;
		};
/* End XCBuildConfiguration section */

/* Begin XCConfigurationList section */
		BE6DFE8F1F02DDBC005F47B2 /* Build configuration list for PBXProject "objc-api-walkthrough" */ = {
			isa = XCConfigurationList;
			buildConfigurations = (
				BE6DFEA91F02DDBC005F47B2 /* Debug */,
				BE6DFEAA1F02DDBC005F47B2 /* Release */,
			);
			defaultConfigurationIsVisible = 0;
			defaultConfigurationName = Release;
		};
		BE6DFEAB1F02DDBC005F47B2 /* Build configuration list for PBXNativeTarget "objc-api-walkthrough" */ = {
			isa = XCConfigurationList;
			buildConfigurations = (
				BE6DFEAC1F02DDBC005F47B2 /* Debug */,
				BE6DFEAD1F02DDBC005F47B2 /* Release */,
			);
			defaultConfigurationIsVisible = 0;
			defaultConfigurationName = Release;
		};
/* End XCConfigurationList section */
	};
	rootObject = BE6DFE8C1F02DDBC005F47B2 /* Project object */;
}
