// !$*UTF8*$!
{
	archiveVersion = 1;
	classes = {
	};
	objectVersion = 45;
	objects = {

/* Begin PBXBuildFile section */
		27F0744811CD4B6D00E9A2AB /* CLDB.m in Sources */ = {isa = PBXBuildFile; fileRef = 27F0744711CD4B6D00E9A2AB /* CLDB.m */; };
		27F0744A11CD4BA000E9A2AB /* libsqlite3.dylib in Frameworks */ = {isa = PBXBuildFile; fileRef = 27F0744911CD4BA000E9A2AB /* libsqlite3.dylib */; };
		27F0745D11CD50A600E9A2AB /* Foundation.framework in Frameworks */ = {isa = PBXBuildFile; fileRef = 27F0745C11CD50A600E9A2AB /* Foundation.framework */; };
		27F0747511CD51A200E9A2AB /* FMDatabaseAdditions.m in Sources */ = {isa = PBXBuildFile; fileRef = 27F0746D11CD51A200E9A2AB /* FMDatabaseAdditions.m */; };
		27F0747611CD51A200E9A2AB /* FMDatabase.m in Sources */ = {isa = PBXBuildFile; fileRef = 27F0747011CD51A200E9A2AB /* FMDatabase.m */; };
		27F0747711CD51A200E9A2AB /* FMResultSet.m in Sources */ = {isa = PBXBuildFile; fileRef = 27F0747211CD51A200E9A2AB /* FMResultSet.m */; };
		27F0749F11CD5B4F00E9A2AB /* CollectionUtils.m in Sources */ = {isa = PBXBuildFile; fileRef = 27F0749C11CD5B4F00E9A2AB /* CollectionUtils.m */; };
		27F074A011CD5B4F00E9A2AB /* Test.m in Sources */ = {isa = PBXBuildFile; fileRef = 27F0749E11CD5B4F00E9A2AB /* Test.m */; };
		27F074AB11CD5D7A00E9A2AB /* CLDocument.m in Sources */ = {isa = PBXBuildFile; fileRef = 27F074AA11CD5D7A00E9A2AB /* CLDocument.m */; };
		27F0751311CDC7F900E9A2AB /* Logging.m in Sources */ = {isa = PBXBuildFile; fileRef = 27F0751211CDC7F900E9A2AB /* Logging.m */; };
		27F0751811CDC80A00E9A2AB /* ExceptionUtils.m in Sources */ = {isa = PBXBuildFile; fileRef = 27F0751711CDC80A00E9A2AB /* ExceptionUtils.m */; };
		8DD76F650486A84900D96B5E /* main.m in Sources */ = {isa = PBXBuildFile; fileRef = 08FB7796FE84155DC02AAC07 /* main.m */; settings = {ATTRIBUTES = (); }; };
		8DD76F6A0486A84900D96B5E /* CouchLite.1 in CopyFiles */ = {isa = PBXBuildFile; fileRef = C6859E8B029090EE04C91782 /* CouchLite.1 */; };
/* End PBXBuildFile section */

/* Begin PBXCopyFilesBuildPhase section */
		8DD76F690486A84900D96B5E /* CopyFiles */ = {
			isa = PBXCopyFilesBuildPhase;
			buildActionMask = 8;
			dstPath = /usr/share/man/man1/;
			dstSubfolderSpec = 0;
			files = (
				8DD76F6A0486A84900D96B5E /* CouchLite.1 in CopyFiles */,
			);
			runOnlyForDeploymentPostprocessing = 1;
		};
/* End PBXCopyFilesBuildPhase section */

/* Begin PBXFileReference section */
		08FB7796FE84155DC02AAC07 /* main.m */ = {isa = PBXFileReference; fileEncoding = 4; lastKnownFileType = sourcecode.c.objc; path = main.m; sourceTree = "<group>"; };
		27F0744611CD4B6D00E9A2AB /* CLDB.h */ = {isa = PBXFileReference; fileEncoding = 4; lastKnownFileType = sourcecode.c.h; path = CLDB.h; sourceTree = "<group>"; };
		27F0744711CD4B6D00E9A2AB /* CLDB.m */ = {isa = PBXFileReference; fileEncoding = 4; lastKnownFileType = sourcecode.c.objc; path = CLDB.m; sourceTree = "<group>"; };
		27F0744911CD4BA000E9A2AB /* libsqlite3.dylib */ = {isa = PBXFileReference; lastKnownFileType = "compiled.mach-o.dylib"; name = libsqlite3.dylib; path = usr/lib/libsqlite3.dylib; sourceTree = SDKROOT; };
		27F0745C11CD50A600E9A2AB /* Foundation.framework */ = {isa = PBXFileReference; lastKnownFileType = wrapper.framework; name = Foundation.framework; path = System/Library/Frameworks/Foundation.framework; sourceTree = SDKROOT; };
		27F0746D11CD51A200E9A2AB /* FMDatabaseAdditions.m */ = {isa = PBXFileReference; fileEncoding = 4; lastKnownFileType = sourcecode.c.objc; path = FMDatabaseAdditions.m; sourceTree = "<group>"; };
		27F0746E11CD51A200E9A2AB /* FMDatabaseAdditions.h */ = {isa = PBXFileReference; fileEncoding = 4; lastKnownFileType = sourcecode.c.h; path = FMDatabaseAdditions.h; sourceTree = "<group>"; };
		27F0746F11CD51A200E9A2AB /* FMDatabase.h */ = {isa = PBXFileReference; fileEncoding = 4; lastKnownFileType = sourcecode.c.h; path = FMDatabase.h; sourceTree = "<group>"; };
		27F0747011CD51A200E9A2AB /* FMDatabase.m */ = {isa = PBXFileReference; fileEncoding = 4; lastKnownFileType = sourcecode.c.objc; path = FMDatabase.m; sourceTree = "<group>"; };
		27F0747111CD51A200E9A2AB /* FMResultSet.h */ = {isa = PBXFileReference; fileEncoding = 4; lastKnownFileType = sourcecode.c.h; path = FMResultSet.h; sourceTree = "<group>"; };
		27F0747211CD51A200E9A2AB /* FMResultSet.m */ = {isa = PBXFileReference; fileEncoding = 4; lastKnownFileType = sourcecode.c.objc; path = FMResultSet.m; sourceTree = "<group>"; };
		27F0749B11CD5B4F00E9A2AB /* CollectionUtils.h */ = {isa = PBXFileReference; fileEncoding = 4; lastKnownFileType = sourcecode.c.h; path = CollectionUtils.h; sourceTree = "<group>"; };
		27F0749C11CD5B4F00E9A2AB /* CollectionUtils.m */ = {isa = PBXFileReference; fileEncoding = 4; lastKnownFileType = sourcecode.c.objc; path = CollectionUtils.m; sourceTree = "<group>"; };
		27F0749D11CD5B4F00E9A2AB /* Test.h */ = {isa = PBXFileReference; fileEncoding = 4; lastKnownFileType = sourcecode.c.h; path = Test.h; sourceTree = "<group>"; };
		27F0749E11CD5B4F00E9A2AB /* Test.m */ = {isa = PBXFileReference; fileEncoding = 4; lastKnownFileType = sourcecode.c.objc; path = Test.m; sourceTree = "<group>"; };
		27F074A911CD5D7A00E9A2AB /* CLDocument.h */ = {isa = PBXFileReference; fileEncoding = 4; lastKnownFileType = sourcecode.c.h; path = CLDocument.h; sourceTree = "<group>"; };
		27F074AA11CD5D7A00E9A2AB /* CLDocument.m */ = {isa = PBXFileReference; fileEncoding = 4; lastKnownFileType = sourcecode.c.objc; path = CLDocument.m; sourceTree = "<group>"; };
		27F074F811CDC71800E9A2AB /* MYUtilities_Debug.xcconfig */ = {isa = PBXFileReference; fileEncoding = 4; lastKnownFileType = text.xcconfig; path = MYUtilities_Debug.xcconfig; sourceTree = "<group>"; };
		27F074F911CDC71800E9A2AB /* MYUtilities_Release.xcconfig */ = {isa = PBXFileReference; fileEncoding = 4; lastKnownFileType = text.xcconfig; path = MYUtilities_Release.xcconfig; sourceTree = "<group>"; };
		27F074FA11CDC71800E9A2AB /* MYUtilities.xcconfig */ = {isa = PBXFileReference; fileEncoding = 4; lastKnownFileType = text.xcconfig; path = MYUtilities.xcconfig; sourceTree = "<group>"; };
		27F0751111CDC7F900E9A2AB /* Logging.h */ = {isa = PBXFileReference; fileEncoding = 4; lastKnownFileType = sourcecode.c.h; path = Logging.h; sourceTree = "<group>"; };
		27F0751211CDC7F900E9A2AB /* Logging.m */ = {isa = PBXFileReference; fileEncoding = 4; lastKnownFileType = sourcecode.c.objc; path = Logging.m; sourceTree = "<group>"; };
		27F0751611CDC80A00E9A2AB /* ExceptionUtils.h */ = {isa = PBXFileReference; fileEncoding = 4; lastKnownFileType = sourcecode.c.h; path = ExceptionUtils.h; sourceTree = "<group>"; };
		27F0751711CDC80A00E9A2AB /* ExceptionUtils.m */ = {isa = PBXFileReference; fileEncoding = 4; lastKnownFileType = sourcecode.c.objc; path = ExceptionUtils.m; sourceTree = "<group>"; };
		8DD76F6C0486A84900D96B5E /* ToyCouch */ = {isa = PBXFileReference; explicitFileType = "compiled.mach-o.executable"; includeInIndex = 0; path = ToyCouch; sourceTree = BUILT_PRODUCTS_DIR; };
		C6859E8B029090EE04C91782 /* CouchLite.1 */ = {isa = PBXFileReference; lastKnownFileType = text.man; path = CouchLite.1; sourceTree = "<group>"; };
/* End PBXFileReference section */

/* Begin PBXFrameworksBuildPhase section */
		8DD76F660486A84900D96B5E /* Frameworks */ = {
			isa = PBXFrameworksBuildPhase;
			buildActionMask = 2147483647;
			files = (
				27F0744A11CD4BA000E9A2AB /* libsqlite3.dylib in Frameworks */,
				27F0745D11CD50A600E9A2AB /* Foundation.framework in Frameworks */,
			);
			runOnlyForDeploymentPostprocessing = 0;
		};
/* End PBXFrameworksBuildPhase section */

/* Begin PBXGroup section */
		08FB7794FE84155DC02AAC07 /* CouchLite */ = {
			isa = PBXGroup;
			children = (
				08FB7795FE84155DC02AAC07 /* Source */,
				27F0746C11CD51A200E9A2AB /* FMDB */,
				27F0749A11CD5B1200E9A2AB /* MYUtilities */,
				C6859E8C029090F304C91782 /* Documentation */,
				1AB674ADFE9D54B511CA2CBB /* Products */,
				27F0744911CD4BA000E9A2AB /* libsqlite3.dylib */,
				27F0745C11CD50A600E9A2AB /* Foundation.framework */,
			);
			name = CouchLite;
			sourceTree = "<group>";
		};
		08FB7795FE84155DC02AAC07 /* Source */ = {
			isa = PBXGroup;
			children = (
				27F0744611CD4B6D00E9A2AB /* CLDB.h */,
				27F0744711CD4B6D00E9A2AB /* CLDB.m */,
				27F074A911CD5D7A00E9A2AB /* CLDocument.h */,
				27F074AA11CD5D7A00E9A2AB /* CLDocument.m */,
				08FB7796FE84155DC02AAC07 /* main.m */,
			);
			name = Source;
			sourceTree = "<group>";
		};
		1AB674ADFE9D54B511CA2CBB /* Products */ = {
			isa = PBXGroup;
			children = (
				8DD76F6C0486A84900D96B5E /* ToyCouch */,
			);
			name = Products;
			sourceTree = "<group>";
		};
		27F0746C11CD51A200E9A2AB /* FMDB */ = {
			isa = PBXGroup;
			children = (
				27F0746F11CD51A200E9A2AB /* FMDatabase.h */,
				27F0747011CD51A200E9A2AB /* FMDatabase.m */,
				27F0746E11CD51A200E9A2AB /* FMDatabaseAdditions.h */,
				27F0746D11CD51A200E9A2AB /* FMDatabaseAdditions.m */,
				27F0747111CD51A200E9A2AB /* FMResultSet.h */,
				27F0747211CD51A200E9A2AB /* FMResultSet.m */,
			);
			name = FMDB;
			path = Cocoa/FMDB/src;
			sourceTree = OtherPeoplesStuff;
		};
		27F0749A11CD5B1200E9A2AB /* MYUtilities */ = {
			isa = PBXGroup;
			children = (
				27F0751611CDC80A00E9A2AB /* ExceptionUtils.h */,
				27F0751711CDC80A00E9A2AB /* ExceptionUtils.m */,
				27F0751111CDC7F900E9A2AB /* Logging.h */,
				27F0751211CDC7F900E9A2AB /* Logging.m */,
				27F074F811CDC71800E9A2AB /* MYUtilities_Debug.xcconfig */,
				27F074F911CDC71800E9A2AB /* MYUtilities_Release.xcconfig */,
				27F074FA11CDC71800E9A2AB /* MYUtilities.xcconfig */,
				27F0749B11CD5B4F00E9A2AB /* CollectionUtils.h */,
				27F0749C11CD5B4F00E9A2AB /* CollectionUtils.m */,
				27F0749D11CD5B4F00E9A2AB /* Test.h */,
				27F0749E11CD5B4F00E9A2AB /* Test.m */,
			);
			name = MYUtilities;
			sourceTree = MYUtilities;
		};
		C6859E8C029090F304C91782 /* Documentation */ = {
			isa = PBXGroup;
			children = (
				C6859E8B029090EE04C91782 /* CouchLite.1 */,
			);
			name = Documentation;
			sourceTree = "<group>";
		};
/* End PBXGroup section */

/* Begin PBXNativeTarget section */
		8DD76F620486A84900D96B5E /* ToyCouch */ = {
			isa = PBXNativeTarget;
			buildConfigurationList = 1DEB923108733DC60010E9CD /* Build configuration list for PBXNativeTarget "ToyCouch" */;
			buildPhases = (
				8DD76F640486A84900D96B5E /* Sources */,
				8DD76F660486A84900D96B5E /* Frameworks */,
				8DD76F690486A84900D96B5E /* CopyFiles */,
			);
			buildRules = (
			);
			dependencies = (
			);
			name = ToyCouch;
			productInstallPath = "$(HOME)/bin";
			productName = CouchLite;
			productReference = 8DD76F6C0486A84900D96B5E /* ToyCouch */;
			productType = "com.apple.product-type.tool";
		};
/* End PBXNativeTarget section */

/* Begin PBXProject section */
		08FB7793FE84155DC02AAC07 /* Project object */ = {
			isa = PBXProject;
			buildConfigurationList = 1DEB923508733DC60010E9CD /* Build configuration list for PBXProject "ToyCouch" */;
			compatibilityVersion = "Xcode 3.1";
			developmentRegion = English;
			hasScannedForEncodings = 1;
			knownRegions = (
				en,
			);
			mainGroup = 08FB7794FE84155DC02AAC07 /* CouchLite */;
			projectDirPath = "";
			projectRoot = "";
			targets = (
				8DD76F620486A84900D96B5E /* ToyCouch */,
			);
		};
/* End PBXProject section */

/* Begin PBXSourcesBuildPhase section */
		8DD76F640486A84900D96B5E /* Sources */ = {
			isa = PBXSourcesBuildPhase;
			buildActionMask = 2147483647;
			files = (
				8DD76F650486A84900D96B5E /* main.m in Sources */,
				27F0744811CD4B6D00E9A2AB /* CLDB.m in Sources */,
				27F0747511CD51A200E9A2AB /* FMDatabaseAdditions.m in Sources */,
				27F0747611CD51A200E9A2AB /* FMDatabase.m in Sources */,
				27F0747711CD51A200E9A2AB /* FMResultSet.m in Sources */,
				27F0749F11CD5B4F00E9A2AB /* CollectionUtils.m in Sources */,
				27F074A011CD5B4F00E9A2AB /* Test.m in Sources */,
				27F074AB11CD5D7A00E9A2AB /* CLDocument.m in Sources */,
				27F0751311CDC7F900E9A2AB /* Logging.m in Sources */,
				27F0751811CDC80A00E9A2AB /* ExceptionUtils.m in Sources */,
			);
			runOnlyForDeploymentPostprocessing = 0;
		};
/* End PBXSourcesBuildPhase section */

/* Begin XCBuildConfiguration section */
		1DEB923208733DC60010E9CD /* Debug */ = {
			isa = XCBuildConfiguration;
			buildSettings = {
				ALWAYS_SEARCH_USER_PATHS = NO;
				COPY_PHASE_STRIP = NO;
				GCC_DYNAMIC_NO_PIC = NO;
				GCC_ENABLE_FIX_AND_CONTINUE = YES;
				GCC_MODEL_TUNING = G5;
				GCC_OPTIMIZATION_LEVEL = 0;
				INSTALL_PATH = /usr/local/bin;
				PRODUCT_NAME = ToyCouch;
			};
			name = Debug;
		};
		1DEB923308733DC60010E9CD /* Release */ = {
			isa = XCBuildConfiguration;
			buildSettings = {
				ALWAYS_SEARCH_USER_PATHS = NO;
				DEBUG_INFORMATION_FORMAT = "dwarf-with-dsym";
				GCC_MODEL_TUNING = G5;
				INSTALL_PATH = /usr/local/bin;
				PRODUCT_NAME = ToyCouch;
			};
			name = Release;
		};
		1DEB923608733DC60010E9CD /* Debug */ = {
			isa = XCBuildConfiguration;
			baseConfigurationReference = 27F074F811CDC71800E9A2AB /* MYUtilities_Debug.xcconfig */;
			buildSettings = {
				ARCHS = "$(ARCHS_STANDARD_32_64_BIT)";
				GCC_C_LANGUAGE_STANDARD = gnu99;
				GCC_OPTIMIZATION_LEVEL = 0;
				GCC_WARN_ABOUT_RETURN_TYPE = YES;
				GCC_WARN_UNUSED_VARIABLE = YES;
				ONLY_ACTIVE_ARCH = YES;
				PREBINDING = NO;
				SDKROOT = macosx;
			};
			name = Debug;
		};
		1DEB923708733DC60010E9CD /* Release */ = {
			isa = XCBuildConfiguration;
			baseConfigurationReference = 27F074F911CDC71800E9A2AB /* MYUtilities_Release.xcconfig */;
			buildSettings = {
				ARCHS = "$(ARCHS_STANDARD_32_64_BIT)";
				GCC_C_LANGUAGE_STANDARD = gnu99;
				GCC_WARN_ABOUT_RETURN_TYPE = YES;
				GCC_WARN_UNUSED_VARIABLE = YES;
				PREBINDING = NO;
				SDKROOT = macosx;
			};
			name = Release;
		};
/* End XCBuildConfiguration section */

/* Begin XCConfigurationList section */
		1DEB923108733DC60010E9CD /* Build configuration list for PBXNativeTarget "ToyCouch" */ = {
			isa = XCConfigurationList;
			buildConfigurations = (
				1DEB923208733DC60010E9CD /* Debug */,
				1DEB923308733DC60010E9CD /* Release */,
			);
			defaultConfigurationIsVisible = 0;
			defaultConfigurationName = Release;
		};
		1DEB923508733DC60010E9CD /* Build configuration list for PBXProject "ToyCouch" */ = {
			isa = XCConfigurationList;
			buildConfigurations = (
				1DEB923608733DC60010E9CD /* Debug */,
				1DEB923708733DC60010E9CD /* Release */,
			);
			defaultConfigurationIsVisible = 0;
			defaultConfigurationName = Release;
		};
/* End XCConfigurationList section */
	};
	rootObject = 08FB7793FE84155DC02AAC07 /* Project object */;
}
