// !$*UTF8*$!
{
	archiveVersion = 1;
	classes = {
	};
	objectVersion = 46;
	objects = {

/* Begin PBXBuildFile section */
		BE0AD43A1F2A3C2B008B4EE5 /* ExampleConflictResolver.swift in Sources */ = {isa = PBXBuildFile; fileRef = BE0AD4391F2A3C2B008B4EE5 /* ExampleConflictResolver.swift */; };
		BE5E550E1F28CCF9001F25B1 /* CouchbaseLiteSwift.framework in Frameworks */ = {isa = PBXBuildFile; fileRef = BE5E550B1F28CC28001F25B1 /* CouchbaseLiteSwift.framework */; };
		BE5E550F1F28CD2D001F25B1 /* CouchbaseLiteSwift.framework in Frameworks */ = {isa = PBXBuildFile; fileRef = BE5E550B1F28CC28001F25B1 /* CouchbaseLiteSwift.framework */; };
		BE5E55101F28CD2D001F25B1 /* CouchbaseLiteSwift.framework in Embed Frameworks */ = {isa = PBXBuildFile; fileRef = BE5E550B1F28CC28001F25B1 /* CouchbaseLiteSwift.framework */; settings = {ATTRIBUTES = (CodeSignOnCopy, RemoveHeadersOnCopy, ); }; };
		BE7EDC951F02AFE600275629 /* AppDelegate.swift in Sources */ = {isa = PBXBuildFile; fileRef = BE7EDC941F02AFE600275629 /* AppDelegate.swift */; };
		BE7EDC971F02AFE600275629 /* ViewController.swift in Sources */ = {isa = PBXBuildFile; fileRef = BE7EDC961F02AFE600275629 /* ViewController.swift */; };
		BE7EDC9A1F02AFE600275629 /* Main.storyboard in Resources */ = {isa = PBXBuildFile; fileRef = BE7EDC981F02AFE600275629 /* Main.storyboard */; };
		BE7EDC9C1F02AFE600275629 /* Assets.xcassets in Resources */ = {isa = PBXBuildFile; fileRef = BE7EDC9B1F02AFE600275629 /* Assets.xcassets */; };
		BE7EDC9F1F02AFE600275629 /* LaunchScreen.storyboard in Resources */ = {isa = PBXBuildFile; fileRef = BE7EDC9D1F02AFE600275629 /* LaunchScreen.storyboard */; };
/* End PBXBuildFile section */

/* Begin PBXCopyFilesBuildPhase section */
		BE6DFE8A1F02DCB4005F47B2 /* Embed Frameworks */ = {
			isa = PBXCopyFilesBuildPhase;
			buildActionMask = 2147483647;
			dstPath = "";
			dstSubfolderSpec = 10;
			files = (
				BE5E55101F28CD2D001F25B1 /* CouchbaseLiteSwift.framework in Embed Frameworks */,
			);
			name = "Embed Frameworks";
			runOnlyForDeploymentPostprocessing = 0;
		};
/* End PBXCopyFilesBuildPhase section */

/* Begin PBXFileReference section */
		BE0AD4391F2A3C2B008B4EE5 /* ExampleConflictResolver.swift */ = {isa = PBXFileReference; fileEncoding = 4; lastKnownFileType = sourcecode.swift; path = ExampleConflictResolver.swift; sourceTree = "<group>"; };
		BE5E550B1F28CC28001F25B1 /* CouchbaseLiteSwift.framework */ = {isa = PBXFileReference; lastKnownFileType = wrapper.framework; name = CouchbaseLiteSwift.framework; path = Carthage/Build/iOS/CouchbaseLiteSwift.framework; sourceTree = "<group>"; };
		BE7EDC911F02AFE600275629 /* api-walkthrough.app */ = {isa = PBXFileReference; explicitFileType = wrapper.application; includeInIndex = 0; path = "api-walkthrough.app"; sourceTree = BUILT_PRODUCTS_DIR; };
		BE7EDC941F02AFE600275629 /* AppDelegate.swift */ = {isa = PBXFileReference; lastKnownFileType = sourcecode.swift; path = AppDelegate.swift; sourceTree = "<group>"; };
		BE7EDC961F02AFE600275629 /* ViewController.swift */ = {isa = PBXFileReference; lastKnownFileType = sourcecode.swift; path = ViewController.swift; sourceTree = "<group>"; };
		BE7EDC991F02AFE600275629 /* Base */ = {isa = PBXFileReference; lastKnownFileType = file.storyboard; name = Base; path = Base.lproj/Main.storyboard; sourceTree = "<group>"; };
		BE7EDC9B1F02AFE600275629 /* Assets.xcassets */ = {isa = PBXFileReference; lastKnownFileType = folder.assetcatalog; path = Assets.xcassets; sourceTree = "<group>"; };
		BE7EDC9E1F02AFE600275629 /* Base */ = {isa = PBXFileReference; lastKnownFileType = file.storyboard; name = Base; path = Base.lproj/LaunchScreen.storyboard; sourceTree = "<group>"; };
		BE7EDCA01F02AFE600275629 /* Info.plist */ = {isa = PBXFileReference; lastKnownFileType = text.plist.xml; path = Info.plist; sourceTree = "<group>"; };
/* End PBXFileReference section */

/* Begin PBXFrameworksBuildPhase section */
		BE7EDC8E1F02AFE600275629 /* Frameworks */ = {
			isa = PBXFrameworksBuildPhase;
			buildActionMask = 2147483647;
			files = (
				BE5E550F1F28CD2D001F25B1 /* CouchbaseLiteSwift.framework in Frameworks */,
				BE5E550E1F28CCF9001F25B1 /* CouchbaseLiteSwift.framework in Frameworks */,
			);
			runOnlyForDeploymentPostprocessing = 0;
		};
/* End PBXFrameworksBuildPhase section */

/* Begin PBXGroup section */
		BE7EDC881F02AFE600275629 = {
			isa = PBXGroup;
			children = (
				BE7EDC931F02AFE600275629 /* api-walkthrough */,
				BE7EDC921F02AFE600275629 /* Products */,
				BE7EDCA61F02B00D00275629 /* Frameworks */,
			);
			sourceTree = "<group>";
		};
		BE7EDC921F02AFE600275629 /* Products */ = {
			isa = PBXGroup;
			children = (
				BE7EDC911F02AFE600275629 /* api-walkthrough.app */,
			);
			name = Products;
			sourceTree = "<group>";
		};
		BE7EDC931F02AFE600275629 /* api-walkthrough */ = {
			isa = PBXGroup;
			children = (
				BE7EDC941F02AFE600275629 /* AppDelegate.swift */,
				BE0AD4391F2A3C2B008B4EE5 /* ExampleConflictResolver.swift */,
				BE7EDC961F02AFE600275629 /* ViewController.swift */,
				BE7EDC981F02AFE600275629 /* Main.storyboard */,
				BE7EDC9B1F02AFE600275629 /* Assets.xcassets */,
				BE7EDC9D1F02AFE600275629 /* LaunchScreen.storyboard */,
				BE7EDCA01F02AFE600275629 /* Info.plist */,
			);
			path = "api-walkthrough";
			sourceTree = "<group>";
		};
		BE7EDCA61F02B00D00275629 /* Frameworks */ = {
			isa = PBXGroup;
			children = (
				BE5E550B1F28CC28001F25B1 /* CouchbaseLiteSwift.framework */,
			);
			name = Frameworks;
			sourceTree = "<group>";
		};
/* End PBXGroup section */

/* Begin PBXNativeTarget section */
		BE7EDC901F02AFE600275629 /* api-walkthrough */ = {
			isa = PBXNativeTarget;
			buildConfigurationList = BE7EDCA31F02AFE600275629 /* Build configuration list for PBXNativeTarget "api-walkthrough" */;
			buildPhases = (
				BE7EDC8D1F02AFE600275629 /* Sources */,
				BE7EDC8E1F02AFE600275629 /* Frameworks */,
				BE7EDC8F1F02AFE600275629 /* Resources */,
				BE6DFE8A1F02DCB4005F47B2 /* Embed Frameworks */,
			);
			buildRules = (
			);
			dependencies = (
			);
			name = "api-walkthrough";
			productName = "api-walkthrough";
			productReference = BE7EDC911F02AFE600275629 /* api-walkthrough.app */;
			productType = "com.apple.product-type.application";
		};
/* End PBXNativeTarget section */

/* Begin PBXProject section */
		BE7EDC891F02AFE600275629 /* Project object */ = {
			isa = PBXProject;
			attributes = {
				LastSwiftUpdateCheck = 0830;
				LastUpgradeCheck = 0830;
				ORGANIZATIONNAME = couchbase;
				TargetAttributes = {
					BE7EDC901F02AFE600275629 = {
						CreatedOnToolsVersion = 8.3.3;
						DevelopmentTeam = N2Q372V7W2;
						ProvisioningStyle = Automatic;
					};
				};
			};
			buildConfigurationList = BE7EDC8C1F02AFE600275629 /* Build configuration list for PBXProject "api-walkthrough" */;
			compatibilityVersion = "Xcode 3.2";
			developmentRegion = English;
			hasScannedForEncodings = 0;
			knownRegions = (
				en,
				Base,
			);
			mainGroup = BE7EDC881F02AFE600275629;
			productRefGroup = BE7EDC921F02AFE600275629 /* Products */;
			projectDirPath = "";
			projectRoot = "";
			targets = (
				BE7EDC901F02AFE600275629 /* api-walkthrough */,
			);
		};
/* End PBXProject section */

/* Begin PBXResourcesBuildPhase section */
		BE7EDC8F1F02AFE600275629 /* Resources */ = {
			isa = PBXResourcesBuildPhase;
			buildActionMask = 2147483647;
			files = (
				BE7EDC9F1F02AFE600275629 /* LaunchScreen.storyboard in Resources */,
				BE7EDC9C1F02AFE600275629 /* Assets.xcassets in Resources */,
				BE7EDC9A1F02AFE600275629 /* Main.storyboard in Resources */,
			);
			runOnlyForDeploymentPostprocessing = 0;
		};
/* End PBXResourcesBuildPhase section */

/* Begin PBXSourcesBuildPhase section */
		BE7EDC8D1F02AFE600275629 /* Sources */ = {
			isa = PBXSourcesBuildPhase;
			buildActionMask = 2147483647;
			files = (
				BE7EDC971F02AFE600275629 /* ViewController.swift in Sources */,
				BE7EDC951F02AFE600275629 /* AppDelegate.swift in Sources */,
				BE0AD43A1F2A3C2B008B4EE5 /* ExampleConflictResolver.swift in Sources */,
			);
			runOnlyForDeploymentPostprocessing = 0;
		};
/* End PBXSourcesBuildPhase section */

/* Begin PBXVariantGroup section */
		BE7EDC981F02AFE600275629 /* Main.storyboard */ = {
			isa = PBXVariantGroup;
			children = (
				BE7EDC991F02AFE600275629 /* Base */,
			);
			name = Main.storyboard;
			sourceTree = "<group>";
		};
		BE7EDC9D1F02AFE600275629 /* LaunchScreen.storyboard */ = {
			isa = PBXVariantGroup;
			children = (
				BE7EDC9E1F02AFE600275629 /* Base */,
			);
			name = LaunchScreen.storyboard;
			sourceTree = "<group>";
		};
/* End PBXVariantGroup section */

/* Begin XCBuildConfiguration section */
		BE7EDCA11F02AFE600275629 /* Debug */ = {
			isa = XCBuildConfiguration;
			buildSettings = {
				ALWAYS_SEARCH_USER_PATHS = NO;
				CLANG_ANALYZER_NONNULL = YES;
				CLANG_ANALYZER_NUMBER_OBJECT_CONVERSION = YES_AGGRESSIVE;
				CLANG_CXX_LANGUAGE_STANDARD = "gnu++0x";
				CLANG_CXX_LIBRARY = "libc++";
				CLANG_ENABLE_MODULES = YES;
				CLANG_ENABLE_OBJC_ARC = YES;
				CLANG_WARN_BOOL_CONVERSION = YES;
				CLANG_WARN_CONSTANT_CONVERSION = YES;
				CLANG_WARN_DIRECT_OBJC_ISA_USAGE = YES_ERROR;
				CLANG_WARN_DOCUMENTATION_COMMENTS = YES;
				CLANG_WARN_EMPTY_BODY = YES;
				CLANG_WARN_ENUM_CONVERSION = YES;
				CLANG_WARN_INFINITE_RECURSION = YES;
				CLANG_WARN_INT_CONVERSION = YES;
				CLANG_WARN_OBJC_ROOT_CLASS = YES_ERROR;
				CLANG_WARN_SUSPICIOUS_MOVE = YES;
				CLANG_WARN_UNREACHABLE_CODE = YES;
				CLANG_WARN__DUPLICATE_METHOD_MATCH = YES;
				"CODE_SIGN_IDENTITY[sdk=iphoneos*]" = "iPhone Developer";
				COPY_PHASE_STRIP = NO;
				DEBUG_INFORMATION_FORMAT = dwarf;
				ENABLE_STRICT_OBJC_MSGSEND = YES;
				ENABLE_TESTABILITY = YES;
				GCC_C_LANGUAGE_STANDARD = gnu99;
				GCC_DYNAMIC_NO_PIC = NO;
				GCC_NO_COMMON_BLOCKS = YES;
				GCC_OPTIMIZATION_LEVEL = 0;
				GCC_PREPROCESSOR_DEFINITIONS = (
					"DEBUG=1",
					"$(inherited)",
				);
				GCC_WARN_64_TO_32_BIT_CONVERSION = YES;
				GCC_WARN_ABOUT_RETURN_TYPE = YES_ERROR;
				GCC_WARN_UNDECLARED_SELECTOR = YES;
				GCC_WARN_UNINITIALIZED_AUTOS = YES_AGGRESSIVE;
				GCC_WARN_UNUSED_FUNCTION = YES;
				GCC_WARN_UNUSED_VARIABLE = YES;
				IPHONEOS_DEPLOYMENT_TARGET = 10.3;
				MTL_ENABLE_DEBUG_INFO = YES;
				ONLY_ACTIVE_ARCH = YES;
				SDKROOT = iphoneos;
				SWIFT_ACTIVE_COMPILATION_CONDITIONS = DEBUG;
				SWIFT_OPTIMIZATION_LEVEL = "-Onone";
			};
			name = Debug;
		};
		BE7EDCA21F02AFE600275629 /* Release */ = {
			isa = XCBuildConfiguration;
			buildSettings = {
				ALWAYS_SEARCH_USER_PATHS = NO;
				CLANG_ANALYZER_NONNULL = YES;
				CLANG_ANALYZER_NUMBER_OBJECT_CONVERSION = YES_AGGRESSIVE;
				CLANG_CXX_LANGUAGE_STANDARD = "gnu++0x";
				CLANG_CXX_LIBRARY = "libc++";
				CLANG_ENABLE_MODULES = YES;
				CLANG_ENABLE_OBJC_ARC = YES;
				CLANG_WARN_BOOL_CONVERSION = YES;
				CLANG_WARN_CONSTANT_CONVERSION = YES;
				CLANG_WARN_DIRECT_OBJC_ISA_USAGE = YES_ERROR;
				CLANG_WARN_DOCUMENTATION_COMMENTS = YES;
				CLANG_WARN_EMPTY_BODY = YES;
				CLANG_WARN_ENUM_CONVERSION = YES;
				CLANG_WARN_INFINITE_RECURSION = YES;
				CLANG_WARN_INT_CONVERSION = YES;
				CLANG_WARN_OBJC_ROOT_CLASS = YES_ERROR;
				CLANG_WARN_SUSPICIOUS_MOVE = YES;
				CLANG_WARN_UNREACHABLE_CODE = YES;
				CLANG_WARN__DUPLICATE_METHOD_MATCH = YES;
				"CODE_SIGN_IDENTITY[sdk=iphoneos*]" = "iPhone Developer";
				COPY_PHASE_STRIP = NO;
				DEBUG_INFORMATION_FORMAT = "dwarf-with-dsym";
				ENABLE_NS_ASSERTIONS = NO;
				ENABLE_STRICT_OBJC_MSGSEND = YES;
				GCC_C_LANGUAGE_STANDARD = gnu99;
				GCC_NO_COMMON_BLOCKS = YES;
				GCC_WARN_64_TO_32_BIT_CONVERSION = YES;
				GCC_WARN_ABOUT_RETURN_TYPE = YES_ERROR;
				GCC_WARN_UNDECLARED_SELECTOR = YES;
				GCC_WARN_UNINITIALIZED_AUTOS = YES_AGGRESSIVE;
				GCC_WARN_UNUSED_FUNCTION = YES;
				GCC_WARN_UNUSED_VARIABLE = YES;
				IPHONEOS_DEPLOYMENT_TARGET = 10.3;
				MTL_ENABLE_DEBUG_INFO = NO;
				SDKROOT = iphoneos;
				SWIFT_OPTIMIZATION_LEVEL = "-Owholemodule";
				VALIDATE_PRODUCT = YES;
			};
			name = Release;
		};
		BE7EDCA41F02AFE600275629 /* Debug */ = {
			isa = XCBuildConfiguration;
			buildSettings = {
				ASSETCATALOG_COMPILER_APPICON_NAME = AppIcon;
				DEVELOPMENT_TEAM = N2Q372V7W2;
				FRAMEWORK_SEARCH_PATHS = (
					"$(inherited)",
					"$(PROJECT_DIR)",
					"$(PROJECT_DIR)/Carthage/Build/iOS",
				);
				INFOPLIST_FILE = "api-walkthrough/Info.plist";
				LD_RUNPATH_SEARCH_PATHS = "$(inherited) @executable_path/Frameworks";
				PRODUCT_BUNDLE_IDENTIFIER = "com.couchbase.api-walkthrough";
				PRODUCT_NAME = "$(TARGET_NAME)";
				SWIFT_VERSION = 3.0;
			};
			name = Debug;
		};
		BE7EDCA51F02AFE600275629 /* Release */ = {
			isa = XCBuildConfiguration;
			buildSettings = {
				ASSETCATALOG_COMPILER_APPICON_NAME = AppIcon;
				DEVELOPMENT_TEAM = N2Q372V7W2;
				FRAMEWORK_SEARCH_PATHS = (
					"$(inherited)",
					"$(PROJECT_DIR)",
					"$(PROJECT_DIR)/Carthage/Build/iOS",
				);
				INFOPLIST_FILE = "api-walkthrough/Info.plist";
				LD_RUNPATH_SEARCH_PATHS = "$(inherited) @executable_path/Frameworks";
				PRODUCT_BUNDLE_IDENTIFIER = "com.couchbase.api-walkthrough";
				PRODUCT_NAME = "$(TARGET_NAME)";
				SWIFT_VERSION = 3.0;
			};
			name = Release;
		};
/* End XCBuildConfiguration section */

/* Begin XCConfigurationList section */
		BE7EDC8C1F02AFE600275629 /* Build configuration list for PBXProject "api-walkthrough" */ = {
			isa = XCConfigurationList;
			buildConfigurations = (
				BE7EDCA11F02AFE600275629 /* Debug */,
				BE7EDCA21F02AFE600275629 /* Release */,
			);
			defaultConfigurationIsVisible = 0;
			defaultConfigurationName = Release;
		};
		BE7EDCA31F02AFE600275629 /* Build configuration list for PBXNativeTarget "api-walkthrough" */ = {
			isa = XCConfigurationList;
			buildConfigurations = (
				BE7EDCA41F02AFE600275629 /* Debug */,
				BE7EDCA51F02AFE600275629 /* Release */,
			);
			defaultConfigurationIsVisible = 0;
			defaultConfigurationName = Release;
		};
/* End XCConfigurationList section */
	};
	rootObject = BE7EDC891F02AFE600275629 /* Project object */;
}
